// !$*UTF8*$!
{
	archiveVersion = 1;
	classes = {
	};
	objectVersion = 46;
	objects = {

/* Begin PBXBuildFile section */
		3C7513BB1F70C6C500389CFF /* AppDelegate.m in Sources */ = {isa = PBXBuildFile; fileRef = 3C7513AF1F70C6C500389CFF /* AppDelegate.m */; };
		3C7513BC1F70C6C500389CFF /* Assets.xcassets in Resources */ = {isa = PBXBuildFile; fileRef = 3C7513B01F70C6C500389CFF /* Assets.xcassets */; };
		3C7513BD1F70C6C500389CFF /* LaunchScreen.storyboard in Resources */ = {isa = PBXBuildFile; fileRef = 3C7513B11F70C6C500389CFF /* LaunchScreen.storyboard */; };
		3C7513BE1F70C6C500389CFF /* Main.storyboard in Resources */ = {isa = PBXBuildFile; fileRef = 3C7513B31F70C6C500389CFF /* Main.storyboard */; };
		3C7513BF1F70C6C500389CFF /* Info.plist in Resources */ = {isa = PBXBuildFile; fileRef = 3C7513B51F70C6C500389CFF /* Info.plist */; };
		3C7513C01F70C6C500389CFF /* main.m in Sources */ = {isa = PBXBuildFile; fileRef = 3C7513B61F70C6C500389CFF /* main.m */; };
		3C7513C11F70C6C500389CFF /* ViewController.m in Sources */ = {isa = PBXBuildFile; fileRef = 3C7513B81F70C6C500389CFF /* ViewController.m */; };
		3C7513C51F70C7B400389CFF /* GRJViewController.m in Sources */ = {isa = PBXBuildFile; fileRef = 3C7513C41F70C7B400389CFF /* GRJViewController.m */; };
/* End PBXBuildFile section */

/* Begin PBXContainerItemProxy section */
		3C8B5B261F70AC2B000DAF19 /* PBXContainerItemProxy */ = {
			isa = PBXContainerItemProxy;
			containerPortal = 3C8B5B041F70AC2A000DAF19 /* Project object */;
			proxyType = 1;
			remoteGlobalIDString = 3C8B5B0B1F70AC2A000DAF19;
			remoteInfo = GRJKit;
		};
		3C8B5B311F70AC2B000DAF19 /* PBXContainerItemProxy */ = {
			isa = PBXContainerItemProxy;
			containerPortal = 3C8B5B041F70AC2A000DAF19 /* Project object */;
			proxyType = 1;
			remoteGlobalIDString = 3C8B5B0B1F70AC2A000DAF19;
			remoteInfo = GRJKit;
		};
/* End PBXContainerItemProxy section */

/* Begin PBXFileReference section */
		3C7513AE1F70C6C500389CFF /* AppDelegate.h */ = {isa = PBXFileReference; fileEncoding = 4; lastKnownFileType = sourcecode.c.h; path = AppDelegate.h; sourceTree = "<group>"; };
		3C7513AF1F70C6C500389CFF /* AppDelegate.m */ = {isa = PBXFileReference; fileEncoding = 4; lastKnownFileType = sourcecode.c.objc; path = AppDelegate.m; sourceTree = "<group>"; };
		3C7513B01F70C6C500389CFF /* Assets.xcassets */ = {isa = PBXFileReference; lastKnownFileType = folder.assetcatalog; path = Assets.xcassets; sourceTree = "<group>"; };
		3C7513B21F70C6C500389CFF /* Base */ = {isa = PBXFileReference; lastKnownFileType = file.storyboard; name = Base; path = Base.lproj/LaunchScreen.storyboard; sourceTree = "<group>"; };
		3C7513B41F70C6C500389CFF /* Base */ = {isa = PBXFileReference; lastKnownFileType = file.storyboard; name = Base; path = Base.lproj/Main.storyboard; sourceTree = "<group>"; };
		3C7513B51F70C6C500389CFF /* Info.plist */ = {isa = PBXFileReference; fileEncoding = 4; lastKnownFileType = text.plist.xml; path = Info.plist; sourceTree = "<group>"; };
		3C7513B61F70C6C500389CFF /* main.m */ = {isa = PBXFileReference; fileEncoding = 4; lastKnownFileType = sourcecode.c.objc; path = main.m; sourceTree = "<group>"; };
		3C7513B71F70C6C500389CFF /* ViewController.h */ = {isa = PBXFileReference; fileEncoding = 4; lastKnownFileType = sourcecode.c.h; path = ViewController.h; sourceTree = "<group>"; };
		3C7513B81F70C6C500389CFF /* ViewController.m */ = {isa = PBXFileReference; fileEncoding = 4; lastKnownFileType = sourcecode.c.objc; path = ViewController.m; sourceTree = "<group>"; };
		3C7513C31F70C7B400389CFF /* GRJViewController.h */ = {isa = PBXFileReference; fileEncoding = 4; lastKnownFileType = sourcecode.c.h; path = GRJViewController.h; sourceTree = "<group>"; };
		3C7513C41F70C7B400389CFF /* GRJViewController.m */ = {isa = PBXFileReference; fileEncoding = 4; lastKnownFileType = sourcecode.c.objc; path = GRJViewController.m; sourceTree = "<group>"; };
		3C8B5B0C1F70AC2A000DAF19 /* GRJKit.app */ = {isa = PBXFileReference; explicitFileType = wrapper.application; includeInIndex = 0; path = GRJKit.app; sourceTree = BUILT_PRODUCTS_DIR; };
		3C8B5B251F70AC2B000DAF19 /* GRJKitTests.xctest */ = {isa = PBXFileReference; explicitFileType = wrapper.cfbundle; includeInIndex = 0; path = GRJKitTests.xctest; sourceTree = BUILT_PRODUCTS_DIR; };
		3C8B5B301F70AC2B000DAF19 /* GRJKitUITests.xctest */ = {isa = PBXFileReference; explicitFileType = wrapper.cfbundle; includeInIndex = 0; path = GRJKitUITests.xctest; sourceTree = BUILT_PRODUCTS_DIR; };
/* End PBXFileReference section */

/* Begin PBXFrameworksBuildPhase section */
		3C8B5B091F70AC2A000DAF19 /* Frameworks */ = {
			isa = PBXFrameworksBuildPhase;
			buildActionMask = 2147483647;
			files = (
			);
			runOnlyForDeploymentPostprocessing = 0;
		};
		3C8B5B221F70AC2B000DAF19 /* Frameworks */ = {
			isa = PBXFrameworksBuildPhase;
			buildActionMask = 2147483647;
			files = (
			);
			runOnlyForDeploymentPostprocessing = 0;
		};
		3C8B5B2D1F70AC2B000DAF19 /* Frameworks */ = {
			isa = PBXFrameworksBuildPhase;
			buildActionMask = 2147483647;
			files = (
			);
			runOnlyForDeploymentPostprocessing = 0;
		};
/* End PBXFrameworksBuildPhase section */

/* Begin PBXGroup section */
		3C7513AD1F70C6C500389CFF /* GRJKit */ = {
			isa = PBXGroup;
			children = (
				3C7513C21F70C7B400389CFF /* GRJCategoryKit */,
				3C7513AE1F70C6C500389CFF /* AppDelegate.h */,
				3C7513AF1F70C6C500389CFF /* AppDelegate.m */,
				3C7513B01F70C6C500389CFF /* Assets.xcassets */,
				3C7513B11F70C6C500389CFF /* LaunchScreen.storyboard */,
				3C7513B31F70C6C500389CFF /* Main.storyboard */,
				3C7513B51F70C6C500389CFF /* Info.plist */,
				3C7513B61F70C6C500389CFF /* main.m */,
				3C7513B71F70C6C500389CFF /* ViewController.h */,
				3C7513B81F70C6C500389CFF /* ViewController.m */,
			);
			name = GRJKit;
			path = GRJKit/GRJKit;
			sourceTree = "<group>";
		};
		3C7513B91F70C6C500389CFF /* GRJKitTests */ = {
			isa = PBXGroup;
			children = (
			);
			name = GRJKitTests;
			path = GRJKit/GRJKitTests;
			sourceTree = "<group>";
		};
		3C7513BA1F70C6C500389CFF /* GRJKitUITests */ = {
			isa = PBXGroup;
			children = (
			);
			name = GRJKitUITests;
			path = GRJKit/GRJKitUITests;
			sourceTree = "<group>";
		};
		3C7513C21F70C7B400389CFF /* GRJCategoryKit */ = {
			isa = PBXGroup;
			children = (
				3C7513C31F70C7B400389CFF /* GRJViewController.h */,
				3C7513C41F70C7B400389CFF /* GRJViewController.m */,
			);
			name = GRJCategoryKit;
			path = GRJKit/GRJCategoryKit;
			sourceTree = SOURCE_ROOT;
		};
		3C8B5B031F70AC2A000DAF19 = {
			isa = PBXGroup;
			children = (
				3C7513AD1F70C6C500389CFF /* GRJKit */,
				3C7513B91F70C6C500389CFF /* GRJKitTests */,
				3C7513BA1F70C6C500389CFF /* GRJKitUITests */,
				3C8B5B0D1F70AC2A000DAF19 /* Products */,
			);
			sourceTree = "<group>";
		};
		3C8B5B0D1F70AC2A000DAF19 /* Products */ = {
			isa = PBXGroup;
			children = (
				3C8B5B0C1F70AC2A000DAF19 /* GRJKit.app */,
				3C8B5B251F70AC2B000DAF19 /* GRJKitTests.xctest */,
				3C8B5B301F70AC2B000DAF19 /* GRJKitUITests.xctest */,
			);
			name = Products;
			sourceTree = "<group>";
		};
/* End PBXGroup section */

/* Begin PBXNativeTarget section */
		3C8B5B0B1F70AC2A000DAF19 /* GRJKit */ = {
			isa = PBXNativeTarget;
			buildConfigurationList = 3C8B5B391F70AC2B000DAF19 /* Build configuration list for PBXNativeTarget "GRJKit" */;
			buildPhases = (
				3C8B5B081F70AC2A000DAF19 /* Sources */,
				3C8B5B091F70AC2A000DAF19 /* Frameworks */,
				3C8B5B0A1F70AC2A000DAF19 /* Resources */,
			);
			buildRules = (
			);
			dependencies = (
			);
			name = GRJKit;
			productName = GRJKit;
			productReference = 3C8B5B0C1F70AC2A000DAF19 /* GRJKit.app */;
			productType = "com.apple.product-type.application";
		};
		3C8B5B241F70AC2B000DAF19 /* GRJKitTests */ = {
			isa = PBXNativeTarget;
			buildConfigurationList = 3C8B5B3C1F70AC2B000DAF19 /* Build configuration list for PBXNativeTarget "GRJKitTests" */;
			buildPhases = (
				3C8B5B211F70AC2B000DAF19 /* Sources */,
				3C8B5B221F70AC2B000DAF19 /* Frameworks */,
				3C8B5B231F70AC2B000DAF19 /* Resources */,
			);
			buildRules = (
			);
			dependencies = (
				3C8B5B271F70AC2B000DAF19 /* PBXTargetDependency */,
			);
			name = GRJKitTests;
			productName = GRJKitTests;
			productReference = 3C8B5B251F70AC2B000DAF19 /* GRJKitTests.xctest */;
			productType = "com.apple.product-type.bundle.unit-test";
		};
		3C8B5B2F1F70AC2B000DAF19 /* GRJKitUITests */ = {
			isa = PBXNativeTarget;
			buildConfigurationList = 3C8B5B3F1F70AC2B000DAF19 /* Build configuration list for PBXNativeTarget "GRJKitUITests" */;
			buildPhases = (
				3C8B5B2C1F70AC2B000DAF19 /* Sources */,
				3C8B5B2D1F70AC2B000DAF19 /* Frameworks */,
				3C8B5B2E1F70AC2B000DAF19 /* Resources */,
			);
			buildRules = (
			);
			dependencies = (
				3C8B5B321F70AC2B000DAF19 /* PBXTargetDependency */,
			);
			name = GRJKitUITests;
			productName = GRJKitUITests;
			productReference = 3C8B5B301F70AC2B000DAF19 /* GRJKitUITests.xctest */;
			productType = "com.apple.product-type.bundle.ui-testing";
		};
/* End PBXNativeTarget section */

/* Begin PBXProject section */
		3C8B5B041F70AC2A000DAF19 /* Project object */ = {
			isa = PBXProject;
			attributes = {
				LastUpgradeCheck = 0830;
				ORGANIZATIONNAME = GRJ;
				TargetAttributes = {
					3C8B5B0B1F70AC2A000DAF19 = {
						CreatedOnToolsVersion = 8.3.3;
						ProvisioningStyle = Automatic;
					};
					3C8B5B241F70AC2B000DAF19 = {
						CreatedOnToolsVersion = 8.3.3;
						ProvisioningStyle = Automatic;
						TestTargetID = 3C8B5B0B1F70AC2A000DAF19;
					};
					3C8B5B2F1F70AC2B000DAF19 = {
						CreatedOnToolsVersion = 8.3.3;
						ProvisioningStyle = Automatic;
						TestTargetID = 3C8B5B0B1F70AC2A000DAF19;
					};
				};
			};
			buildConfigurationList = 3C8B5B071F70AC2A000DAF19 /* Build configuration list for PBXProject "GRJKit" */;
			compatibilityVersion = "Xcode 3.2";
			developmentRegion = English;
			hasScannedForEncodings = 0;
			knownRegions = (
				en,
				Base,
			);
			mainGroup = 3C8B5B031F70AC2A000DAF19;
			productRefGroup = 3C8B5B0D1F70AC2A000DAF19 /* Products */;
			projectDirPath = "";
			projectRoot = "";
			targets = (
				3C8B5B0B1F70AC2A000DAF19 /* GRJKit */,
				3C8B5B241F70AC2B000DAF19 /* GRJKitTests */,
				3C8B5B2F1F70AC2B000DAF19 /* GRJKitUITests */,
			);
		};
/* End PBXProject section */

/* Begin PBXResourcesBuildPhase section */
		3C8B5B0A1F70AC2A000DAF19 /* Resources */ = {
			isa = PBXResourcesBuildPhase;
			buildActionMask = 2147483647;
			files = (
				3C7513BF1F70C6C500389CFF /* Info.plist in Resources */,
				3C7513BE1F70C6C500389CFF /* Main.storyboard in Resources */,
				3C7513BC1F70C6C500389CFF /* Assets.xcassets in Resources */,
				3C7513BD1F70C6C500389CFF /* LaunchScreen.storyboard in Resources */,
			);
			runOnlyForDeploymentPostprocessing = 0;
		};
		3C8B5B231F70AC2B000DAF19 /* Resources */ = {
			isa = PBXResourcesBuildPhase;
			buildActionMask = 2147483647;
			files = (
			);
			runOnlyForDeploymentPostprocessing = 0;
		};
		3C8B5B2E1F70AC2B000DAF19 /* Resources */ = {
			isa = PBXResourcesBuildPhase;
			buildActionMask = 2147483647;
			files = (
			);
			runOnlyForDeploymentPostprocessing = 0;
		};
/* End PBXResourcesBuildPhase section */

/* Begin PBXSourcesBuildPhase section */
		3C8B5B081F70AC2A000DAF19 /* Sources */ = {
			isa = PBXSourcesBuildPhase;
			buildActionMask = 2147483647;
			files = (
				3C7513C51F70C7B400389CFF /* GRJViewController.m in Sources */,
				3C7513C11F70C6C500389CFF /* ViewController.m in Sources */,
				3C7513C01F70C6C500389CFF /* main.m in Sources */,
				3C7513BB1F70C6C500389CFF /* AppDelegate.m in Sources */,
			);
			runOnlyForDeploymentPostprocessing = 0;
		};
		3C8B5B211F70AC2B000DAF19 /* Sources */ = {
			isa = PBXSourcesBuildPhase;
			buildActionMask = 2147483647;
			files = (
			);
			runOnlyForDeploymentPostprocessing = 0;
		};
		3C8B5B2C1F70AC2B000DAF19 /* Sources */ = {
			isa = PBXSourcesBuildPhase;
			buildActionMask = 2147483647;
			files = (
			);
			runOnlyForDeploymentPostprocessing = 0;
		};
/* End PBXSourcesBuildPhase section */

/* Begin PBXTargetDependency section */
		3C8B5B271F70AC2B000DAF19 /* PBXTargetDependency */ = {
			isa = PBXTargetDependency;
			target = 3C8B5B0B1F70AC2A000DAF19 /* GRJKit */;
			targetProxy = 3C8B5B261F70AC2B000DAF19 /* PBXContainerItemProxy */;
		};
		3C8B5B321F70AC2B000DAF19 /* PBXTargetDependency */ = {
			isa = PBXTargetDependency;
			target = 3C8B5B0B1F70AC2A000DAF19 /* GRJKit */;
			targetProxy = 3C8B5B311F70AC2B000DAF19 /* PBXContainerItemProxy */;
		};
/* End PBXTargetDependency section */

/* Begin PBXVariantGroup section */
		3C7513B11F70C6C500389CFF /* LaunchScreen.storyboard */ = {
			isa = PBXVariantGroup;
			children = (
				3C7513B21F70C6C500389CFF /* Base */,
			);
			name = LaunchScreen.storyboard;
			sourceTree = "<group>";
		};
		3C7513B31F70C6C500389CFF /* Main.storyboard */ = {
			isa = PBXVariantGroup;
			children = (
				3C7513B41F70C6C500389CFF /* Base */,
			);
			name = Main.storyboard;
			sourceTree = "<group>";
		};
/* End PBXVariantGroup section */

/* Begin XCBuildConfiguration section */
		3C8B5B371F70AC2B000DAF19 /* Debug */ = {
			isa = XCBuildConfiguration;
			buildSettings = {
				ALWAYS_SEARCH_USER_PATHS = NO;
				CLANG_ANALYZER_NONNULL = YES;
				CLANG_ANALYZER_NUMBER_OBJECT_CONVERSION = YES_AGGRESSIVE;
				CLANG_CXX_LANGUAGE_STANDARD = "gnu++0x";
				CLANG_CXX_LIBRARY = "libc++";
				CLANG_ENABLE_MODULES = YES;
				CLANG_ENABLE_OBJC_ARC = YES;
				CLANG_WARN_BOOL_CONVERSION = YES;
				CLANG_WARN_CONSTANT_CONVERSION = YES;
				CLANG_WARN_DIRECT_OBJC_ISA_USAGE = YES_ERROR;
				CLANG_WARN_DOCUMENTATION_COMMENTS = YES;
				CLANG_WARN_EMPTY_BODY = YES;
				CLANG_WARN_ENUM_CONVERSION = YES;
				CLANG_WARN_INFINITE_RECURSION = YES;
				CLANG_WARN_INT_CONVERSION = YES;
				CLANG_WARN_OBJC_ROOT_CLASS = YES_ERROR;
				CLANG_WARN_SUSPICIOUS_MOVE = YES;
				CLANG_WARN_UNREACHABLE_CODE = YES;
				CLANG_WARN__DUPLICATE_METHOD_MATCH = YES;
				"CODE_SIGN_IDENTITY[sdk=iphoneos*]" = "iPhone Developer";
				COPY_PHASE_STRIP = NO;
				DEBUG_INFORMATION_FORMAT = dwarf;
				ENABLE_STRICT_OBJC_MSGSEND = YES;
				ENABLE_TESTABILITY = YES;
				GCC_C_LANGUAGE_STANDARD = gnu99;
				GCC_DYNAMIC_NO_PIC = NO;
				GCC_NO_COMMON_BLOCKS = YES;
				GCC_OPTIMIZATION_LEVEL = 0;
				GCC_PREPROCESSOR_DEFINITIONS = (
					"DEBUG=1",
					"$(inherited)",
				);
				GCC_WARN_64_TO_32_BIT_CONVERSION = YES;
				GCC_WARN_ABOUT_RETURN_TYPE = YES_ERROR;
				GCC_WARN_UNDECLARED_SELECTOR = YES;
				GCC_WARN_UNINITIALIZED_AUTOS = YES_AGGRESSIVE;
				GCC_WARN_UNUSED_FUNCTION = YES;
				GCC_WARN_UNUSED_VARIABLE = YES;
				IPHONEOS_DEPLOYMENT_TARGET = 10.3;
				MTL_ENABLE_DEBUG_INFO = YES;
				ONLY_ACTIVE_ARCH = YES;
				SDKROOT = iphoneos;
				TARGETED_DEVICE_FAMILY = "1,2";
			};
			name = Debug;
		};
		3C8B5B381F70AC2B000DAF19 /* Release */ = {
			isa = XCBuildConfiguration;
			buildSettings = {
				ALWAYS_SEARCH_USER_PATHS = NO;
				CLANG_ANALYZER_NONNULL = YES;
				CLANG_ANALYZER_NUMBER_OBJECT_CONVERSION = YES_AGGRESSIVE;
				CLANG_CXX_LANGUAGE_STANDARD = "gnu++0x";
				CLANG_CXX_LIBRARY = "libc++";
				CLANG_ENABLE_MODULES = YES;
				CLANG_ENABLE_OBJC_ARC = YES;
				CLANG_WARN_BOOL_CONVERSION = YES;
				CLANG_WARN_CONSTANT_CONVERSION = YES;
				CLANG_WARN_DIRECT_OBJC_ISA_USAGE = YES_ERROR;
				CLANG_WARN_DOCUMENTATION_COMMENTS = YES;
				CLANG_WARN_EMPTY_BODY = YES;
				CLANG_WARN_ENUM_CONVERSION = YES;
				CLANG_WARN_INFINITE_RECURSION = YES;
				CLANG_WARN_INT_CONVERSION = YES;
				CLANG_WARN_OBJC_ROOT_CLASS = YES_ERROR;
				CLANG_WARN_SUSPICIOUS_MOVE = YES;
				CLANG_WARN_UNREACHABLE_CODE = YES;
				CLANG_WARN__DUPLICATE_METHOD_MATCH = YES;
				"CODE_SIGN_IDENTITY[sdk=iphoneos*]" = "iPhone Developer";
				COPY_PHASE_STRIP = NO;
				DEBUG_INFORMATION_FORMAT = "dwarf-with-dsym";
				ENABLE_NS_ASSERTIONS = NO;
				ENABLE_STRICT_OBJC_MSGSEND = YES;
				GCC_C_LANGUAGE_STANDARD = gnu99;
				GCC_NO_COMMON_BLOCKS = YES;
				GCC_WARN_64_TO_32_BIT_CONVERSION = YES;
				GCC_WARN_ABOUT_RETURN_TYPE = YES_ERROR;
				GCC_WARN_UNDECLARED_SELECTOR = YES;
				GCC_WARN_UNINITIALIZED_AUTOS = YES_AGGRESSIVE;
				GCC_WARN_UNUSED_FUNCTION = YES;
				GCC_WARN_UNUSED_VARIABLE = YES;
				IPHONEOS_DEPLOYMENT_TARGET = 10.3;
				MTL_ENABLE_DEBUG_INFO = NO;
				SDKROOT = iphoneos;
				TARGETED_DEVICE_FAMILY = "1,2";
				VALIDATE_PRODUCT = YES;
			};
			name = Release;
		};
		3C8B5B3A1F70AC2B000DAF19 /* Debug */ = {
			isa = XCBuildConfiguration;
			buildSettings = {
				ASSETCATALOG_COMPILER_APPICON_NAME = AppIcon;
				INFOPLIST_FILE = GRJKit/GRJKit/Info.plist;
				LD_RUNPATH_SEARCH_PATHS = "$(inherited) @executable_path/Frameworks";
				PRODUCT_BUNDLE_IDENTIFIER = com.grj.www.GRJKit;
				PRODUCT_NAME = "$(TARGET_NAME)";
			};
			name = Debug;
		};
		3C8B5B3B1F70AC2B000DAF19 /* Release */ = {
			isa = XCBuildConfiguration;
			buildSettings = {
				ASSETCATALOG_COMPILER_APPICON_NAME = AppIcon;
				INFOPLIST_FILE = GRJKit/GRJKit/Info.plist;
				LD_RUNPATH_SEARCH_PATHS = "$(inherited) @executable_path/Frameworks";
				PRODUCT_BUNDLE_IDENTIFIER = com.grj.www.GRJKit;
				PRODUCT_NAME = "$(TARGET_NAME)";
			};
			name = Release;
		};
		3C8B5B3D1F70AC2B000DAF19 /* Debug */ = {
			isa = XCBuildConfiguration;
			buildSettings = {
				BUNDLE_LOADER = "$(TEST_HOST)";
				INFOPLIST_FILE = GRJKitTests/Info.plist;
				LD_RUNPATH_SEARCH_PATHS = "$(inherited) @executable_path/Frameworks @loader_path/Frameworks";
				PRODUCT_BUNDLE_IDENTIFIER = com.grj.www.GRJKitTests;
				PRODUCT_NAME = "$(TARGET_NAME)";
				TEST_HOST = "$(BUILT_PRODUCTS_DIR)/GRJKit.app/GRJKit";
			};
			name = Debug;
		};
		3C8B5B3E1F70AC2B000DAF19 /* Release */ = {
			isa = XCBuildConfiguration;
			buildSettings = {
				BUNDLE_LOADER = "$(TEST_HOST)";
				INFOPLIST_FILE = GRJKitTests/Info.plist;
				LD_RUNPATH_SEARCH_PATHS = "$(inherited) @executable_path/Frameworks @loader_path/Frameworks";
				PRODUCT_BUNDLE_IDENTIFIER = com.grj.www.GRJKitTests;
				PRODUCT_NAME = "$(TARGET_NAME)";
				TEST_HOST = "$(BUILT_PRODUCTS_DIR)/GRJKit.app/GRJKit";
			};
			name = Release;
		};
		3C8B5B401F70AC2B000DAF19 /* Debug */ = {
			isa = XCBuildConfiguration;
			buildSettings = {
				INFOPLIST_FILE = GRJKitUITests/Info.plist;
				LD_RUNPATH_SEARCH_PATHS = "$(inherited) @executable_path/Frameworks @loader_path/Frameworks";
				PRODUCT_BUNDLE_IDENTIFIER = com.grj.www.GRJKitUITests;
				PRODUCT_NAME = "$(TARGET_NAME)";
				TEST_TARGET_NAME = GRJKit;
			};
			name = Debug;
		};
		3C8B5B411F70AC2B000DAF19 /* Release */ = {
			isa = XCBuildConfiguration;
			buildSettings = {
				INFOPLIST_FILE = GRJKitUITests/Info.plist;
				LD_RUNPATH_SEARCH_PATHS = "$(inherited) @executable_path/Frameworks @loader_path/Frameworks";
				PRODUCT_BUNDLE_IDENTIFIER = com.grj.www.GRJKitUITests;
				PRODUCT_NAME = "$(TARGET_NAME)";
				TEST_TARGET_NAME = GRJKit;
			};
			name = Release;
		};
/* End XCBuildConfiguration section */

/* Begin XCConfigurationList section */
		3C8B5B071F70AC2A000DAF19 /* Build configuration list for PBXProject "GRJKit" */ = {
			isa = XCConfigurationList;
			buildConfigurations = (
				3C8B5B371F70AC2B000DAF19 /* Debug */,
				3C8B5B381F70AC2B000DAF19 /* Release */,
			);
			defaultConfigurationIsVisible = 0;
			defaultConfigurationName = Release;
		};
		3C8B5B391F70AC2B000DAF19 /* Build configuration list for PBXNativeTarget "GRJKit" */ = {
			isa = XCConfigurationList;
			buildConfigurations = (
				3C8B5B3A1F70AC2B000DAF19 /* Debug */,
				3C8B5B3B1F70AC2B000DAF19 /* Release */,
			);
			defaultConfigurationIsVisible = 0;
			defaultConfigurationName = Release;
		};
		3C8B5B3C1F70AC2B000DAF19 /* Build configuration list for PBXNativeTarget "GRJKitTests" */ = {
			isa = XCConfigurationList;
			buildConfigurations = (
				3C8B5B3D1F70AC2B000DAF19 /* Debug */,
				3C8B5B3E1F70AC2B000DAF19 /* Release */,
			);
			defaultConfigurationIsVisible = 0;
			defaultConfigurationName = Release;
		};
		3C8B5B3F1F70AC2B000DAF19 /* Build configuration list for PBXNativeTarget "GRJKitUITests" */ = {
			isa = XCConfigurationList;
			buildConfigurations = (
				3C8B5B401F70AC2B000DAF19 /* Debug */,
				3C8B5B411F70AC2B000DAF19 /* Release */,
			);
			defaultConfigurationIsVisible = 0;
			defaultConfigurationName = Release;
		};
/* End XCConfigurationList section */
	};
	rootObject = 3C8B5B041F70AC2A000DAF19 /* Project object */;
}
